
Microsoft Visual Studio Solution File, Format Version 10.00
# Visual Studio 2008
Project("{FAE04EC0-301F-11D3-BF4B-00C04F79EFBC}") = "SNSHelper", "SNSHelper\SNSHelper.csproj", "{1DEDEBEF-24F9-43E2-9180-96E165C21B4E}"
EndProject
Project("{FAE04EC0-301F-11D3-BF4B-00C04F79EFBC}") = "SNSHelper_UnitTest", "SNSHelper_UnitTest\SNSHelper_UnitTest.csproj", "{01B2CCA5-77CE-4849-9B0F-468AE3C1FB20}"
EndProject
Project("{2150E333-8FDC-42A3-9474-1A3956D46DE8}") = "Solution Items", "Solution Items", "{9FAC2E29-8B53-415B-B089-07E0DA9D57B9}"
	ProjectSection(SolutionItems) = preProject
		LocalTestRun.testrunconfig = LocalTestRun.testrunconfig
		SNSHelper1.vsmdi = SNSHelper1.vsmdi
	EndProjectSection
EndProject
Project("{2150E333-8FDC-42A3-9474-1A3956D46DE8}") = "UnitTest", "UnitTest", "{E0A3F2E0-F990-489A-85F1-E47C1FD4AB0E}"
EndProject
Project("{2150E333-8FDC-42A3-9474-1A3956D46DE8}") = "References", "References", "{7D19D093-C5E7-46C4-8F56-948D4CB58A54}"
	ProjectSection(SolutionItems) = preProject
		References\DevComponents.DotNetBar2.dll = References\DevComponents.DotNetBar2.dll
		References\ICSharpCode.SharpZipLib.dll = References\ICSharpCode.SharpZipLib.dll
		References\Newtonsoft.Json.dll = References\Newtonsoft.Json.dll
		References\Newtonsoft.Json.XML = References\Newtonsoft.Json.XML
	EndProjectSection
EndProject
Project("{FAE04EC0-301F-11D3-BF4B-00C04F79EFBC}") = "SNSHelper.AutoUpdate", "SNSHelper.AutoUpdate\SNSHelper.AutoUpdate.csproj", "{EEB50F24-1A2F-4DA7-AB13-B54A5070A7E7}"
EndProject
Project("{FAE04EC0-301F-11D3-BF4B-00C04F79EFBC}") = "SNSHelper_Win_Parking", "SNSHelper_Win_Parker\SNSHelper_Win_Parking.csproj", "{B1AA11C4-EE9E-4AC0-9B09-B4D62BD360BC}"
EndProject
Project("{FAE04EC0-301F-11D3-BF4B-00C04F79EFBC}") = "SNSHelper_Win_Garden", "SNSHelper_Win_Farmer\SNSHelper_Win_Garden.csproj", "{1765D66B-93D1-4011-89FA-DB11BBD49696}"
EndProject
Global
	GlobalSection(TestCaseManagementSettings) = postSolution
		CategoryFile = SNSHelper1.vsmdi
	EndGlobalSection
	GlobalSection(SolutionConfigurationPlatforms) = preSolution
		Debug|Any CPU = Debug|Any CPU
		Release|Any CPU = Release|Any CPU
	EndGlobalSection
	GlobalSection(ProjectConfigurationPlatforms) = postSolution
		{1DEDEBEF-24F9-43E2-9180-96E165C21B4E}.Debug|Any CPU.ActiveCfg = Debug|Any CPU
		{1DEDEBEF-24F9-43E2-9180-96E165C21B4E}.Debug|Any CPU.Build.0 = Debug|Any CPU
		{1DEDEBEF-24F9-43E2-9180-96E165C21B4E}.Release|Any CPU.ActiveCfg = Release|Any CPU
		{1DEDEBEF-24F9-43E2-9180-96E165C21B4E}.Release|Any CPU.Build.0 = Release|Any CPU
		{01B2CCA5-77CE-4849-9B0F-468AE3C1FB20}.Debug|Any CPU.ActiveCfg = Debug|Any CPU
		{01B2CCA5-77CE-4849-9B0F-468AE3C1FB20}.Debug|Any CPU.Build.0 = Debug|Any CPU
		{01B2CCA5-77CE-4849-9B0F-468AE3C1FB20}.Release|Any CPU.ActiveCfg = Release|Any CPU
		{01B2CCA5-77CE-4849-9B0F-468AE3C1FB20}.Release|Any CPU.Build.0 = Release|Any CPU
		{EEB50F24-1A2F-4DA7-AB13-B54A5070A7E7}.Debug|Any CPU.ActiveCfg = Debug|Any CPU
		{EEB50F24-1A2F-4DA7-AB13-B54A5070A7E7}.Debug|Any CPU.Build.0 = Debug|Any CPU
		{EEB50F24-1A2F-4DA7-AB13-B54A5070A7E7}.Release|Any CPU.ActiveCfg = Release|Any CPU
		{EEB50F24-1A2F-4DA7-AB13-B54A5070A7E7}.Release|Any CPU.Build.0 = Release|Any CPU
		{B1AA11C4-EE9E-4AC0-9B09-B4D62BD360BC}.Debug|Any CPU.ActiveCfg = Debug|Any CPU
		{B1AA11C4-EE9E-4AC0-9B09-B4D62BD360BC}.Debug|Any CPU.Build.0 = Debug|Any CPU
		{B1AA11C4-EE9E-4AC0-9B09-B4D62BD360BC}.Release|Any CPU.ActiveCfg = Release|Any CPU
		{B1AA11C4-EE9E-4AC0-9B09-B4D62BD360BC}.Release|Any CPU.Build.0 = Release|Any CPU
		{1765D66B-93D1-4011-89FA-DB11BBD49696}.Debug|Any CPU.ActiveCfg = Debug|Any CPU
		{1765D66B-93D1-4011-89FA-DB11BBD49696}.Debug|Any CPU.Build.0 = Debug|Any CPU
		{1765D66B-93D1-4011-89FA-DB11BBD49696}.Release|Any CPU.ActiveCfg = Release|Any CPU
		{1765D66B-93D1-4011-89FA-DB11BBD49696}.Release|Any CPU.Build.0 = Release|Any CPU
	EndGlobalSection
	GlobalSection(SolutionProperties) = preSolution
		HideSolutionNode = FALSE
	EndGlobalSection
	GlobalSection(NestedProjects) = preSolution
		{01B2CCA5-77CE-4849-9B0F-468AE3C1FB20} = {E0A3F2E0-F990-489A-85F1-E47C1FD4AB0E}
	EndGlobalSection
EndGlobal
